// !$*UTF8*$!
{
	archiveVersion = 1;
	classes = {
	};
	objectVersion = 46;
	objects = {

/* Begin PBXBuildFile section */
		C3B718A11F0D39C200631DFD /* main.m in Sources */ = {isa = PBXBuildFile; fileRef = C3B718A01F0D39C200631DFD /* main.m */; };
		C3B718A91F0D3A0100631DFD /* SWin_Cocoa.m in Sources */ = {isa = PBXBuildFile; fileRef = C3B718A71F0D3A0100631DFD /* SWin_Cocoa.m */; };
		C3B718AC1F0D3A1900631DFD /* OpenGL.framework in Frameworks */ = {isa = PBXBuildFile; fileRef = C3B718AB1F0D3A1900631DFD /* OpenGL.framework */; };
		C3B718AE1F0D3A1F00631DFD /* Cocoa.framework in Frameworks */ = {isa = PBXBuildFile; fileRef = C3B718AD1F0D3A1F00631DFD /* Cocoa.framework */; };
/* End PBXBuildFile section */

/* Begin PBXCopyFilesBuildPhase section */
		C3B7189B1F0D39C200631DFD /* CopyFiles */ = {
			isa = PBXCopyFilesBuildPhase;
			buildActionMask = 2147483647;
			dstPath = /usr/share/man/man1/;
			dstSubfolderSpec = 0;
			files = (
			);
			runOnlyForDeploymentPostprocessing = 1;
		};
/* End PBXCopyFilesBuildPhase section */

/* Begin PBXFileReference section */
		C3B7189D1F0D39C200631DFD /* SWin */ = {isa = PBXFileReference; explicitFileType = "compiled.mach-o.executable"; includeInIndex = 0; path = SWin; sourceTree = BUILT_PRODUCTS_DIR; };
		C3B718A01F0D39C200631DFD /* main.m */ = {isa = PBXFileReference; lastKnownFileType = sourcecode.c.objc; path = main.m; sourceTree = "<group>"; };
		C3B718A71F0D3A0100631DFD /* SWin_Cocoa.m */ = {isa = PBXFileReference; fileEncoding = 4; lastKnownFileType = sourcecode.c.objc; path = SWin_Cocoa.m; sourceTree = "<group>"; };
		C3B718A81F0D3A0100631DFD /* SWin.h */ = {isa = PBXFileReference; fileEncoding = 4; lastKnownFileType = sourcecode.c.h; path = SWin.h; sourceTree = "<group>"; };
		C3B718AB1F0D3A1900631DFD /* OpenGL.framework */ = {isa = PBXFileReference; lastKnownFileType = wrapper.framework; name = OpenGL.framework; path = System/Library/Frameworks/OpenGL.framework; sourceTree = SDKROOT; };
		C3B718AD1F0D3A1F00631DFD /* Cocoa.framework */ = {isa = PBXFileReference; lastKnownFileType = wrapper.framework; name = Cocoa.framework; path = System/Library/Frameworks/Cocoa.framework; sourceTree = SDKROOT; };
/* End PBXFileReference section */

/* Begin PBXFrameworksBuildPhase section */
		C3B7189A1F0D39C200631DFD /* Frameworks */ = {
			isa = PBXFrameworksBuildPhase;
			buildActionMask = 2147483647;
			files = (
				C3B718AE1F0D3A1F00631DFD /* Cocoa.framework in Frameworks */,
				C3B718AC1F0D3A1900631DFD /* OpenGL.framework in Frameworks */,
			);
			runOnlyForDeploymentPostprocessing = 0;
		};
/* End PBXFrameworksBuildPhase section */

/* Begin PBXGroup section */
		C3B718941F0D39C200631DFD = {
			isa = PBXGroup;
			children = (
				C3B7189F1F0D39C200631DFD /* SWin */,
				C3B7189E1F0D39C200631DFD /* Products */,
				C3B718AA1F0D3A1900631DFD /* Frameworks */,
			);
			sourceTree = "<group>";
		};
		C3B7189E1F0D39C200631DFD /* Products */ = {
			isa = PBXGroup;
			children = (
				C3B7189D1F0D39C200631DFD /* SWin */,
			);
			name = Products;
			sourceTree = "<group>";
		};
		C3B7189F1F0D39C200631DFD /* SWin */ = {
			isa = PBXGroup;
			children = (
				C3B718A71F0D3A0100631DFD /* SWin_Cocoa.m */,
				C3B718A81F0D3A0100631DFD /* SWin.h */,
				C3B718A01F0D39C200631DFD /* main.m */,
			);
			path = SWin;
			sourceTree = "<group>";
		};
		C3B718AA1F0D3A1900631DFD /* Frameworks */ = {
			isa = PBXGroup;
			children = (
				C3B718AD1F0D3A1F00631DFD /* Cocoa.framework */,
				C3B718AB1F0D3A1900631DFD /* OpenGL.framework */,
			);
			name = Frameworks;
			sourceTree = "<group>";
		};
/* End PBXGroup section */

/* Begin PBXNativeTarget section */
		C3B7189C1F0D39C200631DFD /* SWin */ = {
			isa = PBXNativeTarget;
			buildConfigurationList = C3B718A41F0D39C200631DFD /* Build configuration list for PBXNativeTarget "SWin" */;
			buildPhases = (
				C3B718991F0D39C200631DFD /* Sources */,
				C3B7189A1F0D39C200631DFD /* Frameworks */,
				C3B7189B1F0D39C200631DFD /* CopyFiles */,
			);
			buildRules = (
			);
			dependencies = (
			);
			name = SWin;
			productName = SWin;
			productReference = C3B7189D1F0D39C200631DFD /* SWin */;
			productType = "com.apple.product-type.tool";
		};
/* End PBXNativeTarget section */

/* Begin PBXProject section */
		C3B718951F0D39C200631DFD /* Project object */ = {
			isa = PBXProject;
			attributes = {
				LastUpgradeCheck = 0830;
				ORGANIZATIONNAME = "Shahar Sandhaus";
				TargetAttributes = {
					C3B7189C1F0D39C200631DFD = {
						CreatedOnToolsVersion = 8.3.3;
						DevelopmentTeam = R4Q2Y373C8;
						ProvisioningStyle = Automatic;
					};
				};
			};
			buildConfigurationList = C3B718981F0D39C200631DFD /* Build configuration list for PBXProject "SWin" */;
			compatibilityVersion = "Xcode 3.2";
			developmentRegion = English;
			hasScannedForEncodings = 0;
			knownRegions = (
				en,
			);
			mainGroup = C3B718941F0D39C200631DFD;
			productRefGroup = C3B7189E1F0D39C200631DFD /* Products */;
			projectDirPath = "";
			projectRoot = "";
			targets = (
				C3B7189C1F0D39C200631DFD /* SWin */,
			);
		};
/* End PBXProject section */

/* Begin PBXSourcesBuildPhase section */
		C3B718991F0D39C200631DFD /* Sources */ = {
			isa = PBXSourcesBuildPhase;
			buildActionMask = 2147483647;
			files = (
				C3B718A91F0D3A0100631DFD /* SWin_Cocoa.m in Sources */,
				C3B718A11F0D39C200631DFD /* main.m in Sources */,
			);
			runOnlyForDeploymentPostprocessing = 0;
		};
/* End PBXSourcesBuildPhase section */

/* Begin XCBuildConfiguration section */
		C3B718A21F0D39C200631DFD /* Debug */ = {
			isa = XCBuildConfiguration;
			buildSettings = {
				ALWAYS_SEARCH_USER_PATHS = NO;
				CLANG_ANALYZER_NONNULL = YES;
				CLANG_ANALYZER_NUMBER_OBJECT_CONVERSION = YES_AGGRESSIVE;
				CLANG_CXX_LANGUAGE_STANDARD = "gnu++0x";
				CLANG_CXX_LIBRARY = "libc++";
				CLANG_ENABLE_MODULES = YES;
				CLANG_ENABLE_OBJC_ARC = YES;
				CLANG_WARN_BOOL_CONVERSION = YES;
				CLANG_WARN_CONSTANT_CONVERSION = YES;
				CLANG_WARN_DIRECT_OBJC_ISA_USAGE = YES_ERROR;
				CLANG_WARN_DOCUMENTATION_COMMENTS = YES;
				CLANG_WARN_EMPTY_BODY = YES;
				CLANG_WARN_ENUM_CONVERSION = YES;
				CLANG_WARN_INFINITE_RECURSION = YES;
				CLANG_WARN_INT_CONVERSION = YES;
				CLANG_WARN_OBJC_ROOT_CLASS = YES_ERROR;
				CLANG_WARN_SUSPICIOUS_MOVE = YES;
				CLANG_WARN_UNREACHABLE_CODE = YES;
				CLANG_WARN__DUPLICATE_METHOD_MATCH = YES;
				CODE_SIGN_IDENTITY = "-";
				COPY_PHASE_STRIP = NO;
				DEBUG_INFORMATION_FORMAT = dwarf;
				ENABLE_STRICT_OBJC_MSGSEND = YES;
				ENABLE_TESTABILITY = YES;
				GCC_C_LANGUAGE_STANDARD = gnu99;
				GCC_DYNAMIC_NO_PIC = NO;
				GCC_NO_COMMON_BLOCKS = YES;
				GCC_OPTIMIZATION_LEVEL = 0;
				GCC_PREPROCESSOR_DEFINITIONS = (
					"DEBUG=1",
					"$(inherited)",
				);
				GCC_WARN_64_TO_32_BIT_CONVERSION = YES;
				GCC_WARN_ABOUT_RETURN_TYPE = YES_ERROR;
				GCC_WARN_UNDECLARED_SELECTOR = YES;
				GCC_WARN_UNINITIALIZED_AUTOS = YES_AGGRESSIVE;
				GCC_WARN_UNUSED_FUNCTION = YES;
				GCC_WARN_UNUSED_VARIABLE = YES;
				MACOSX_DEPLOYMENT_TARGET = 10.12;
				MTL_ENABLE_DEBUG_INFO = YES;
				ONLY_ACTIVE_ARCH = YES;
				SDKROOT = macosx;
			};
			name = Debug;
		};
		C3B718A31F0D39C200631DFD /* Release */ = {
			isa = XCBuildConfiguration;
			buildSettings = {
				ALWAYS_SEARCH_USER_PATHS = NO;
				CLANG_ANALYZER_NONNULL = YES;
				CLANG_ANALYZER_NUMBER_OBJECT_CONVERSION = YES_AGGRESSIVE;
				CLANG_CXX_LANGUAGE_STANDARD = "gnu++0x";
				CLANG_CXX_LIBRARY = "libc++";
				CLANG_ENABLE_MODULES = YES;
				CLANG_ENABLE_OBJC_ARC = YES;
				CLANG_WARN_BOOL_CONVERSION = YES;
				CLANG_WARN_CONSTANT_CONVERSION = YES;
				CLANG_WARN_DIRECT_OBJC_ISA_USAGE = YES_ERROR;
				CLANG_WARN_DOCUMENTATION_COMMENTS = YES;
				CLANG_WARN_EMPTY_BODY = YES;
				CLANG_WARN_ENUM_CONVERSION = YES;
				CLANG_WARN_INFINITE_RECURSION = YES;
				CLANG_WARN_INT_CONVERSION = YES;
				CLANG_WARN_OBJC_ROOT_CLASS = YES_ERROR;
				CLANG_WARN_SUSPICIOUS_MOVE = YES;
				CLANG_WARN_UNREACHABLE_CODE = YES;
				CLANG_WARN__DUPLICATE_METHOD_MATCH = YES;
				CODE_SIGN_IDENTITY = "-";
				COPY_PHASE_STRIP = NO;
				DEBUG_INFORMATION_FORMAT = "dwarf-with-dsym";
				ENABLE_NS_ASSERTIONS = NO;
				ENABLE_STRICT_OBJC_MSGSEND = YES;
				GCC_C_LANGUAGE_STANDARD = gnu99;
				GCC_NO_COMMON_BLOCKS = YES;
				GCC_WARN_64_TO_32_BIT_CONVERSION = YES;
				GCC_WARN_ABOUT_RETURN_TYPE = YES_ERROR;
				GCC_WARN_UNDECLARED_SELECTOR = YES;
				GCC_WARN_UNINITIALIZED_AUTOS = YES_AGGRESSIVE;
				GCC_WARN_UNUSED_FUNCTION = YES;
				GCC_WARN_UNUSED_VARIABLE = YES;
				MACOSX_DEPLOYMENT_TARGET = 10.12;
				MTL_ENABLE_DEBUG_INFO = NO;
				SDKROOT = macosx;
			};
			name = Release;
		};
		C3B718A51F0D39C200631DFD /* Debug */ = {
			isa = XCBuildConfiguration;
			buildSettings = {
				DEVELOPMENT_TEAM = R4Q2Y373C8;
				PRODUCT_NAME = "$(TARGET_NAME)";
			};
			name = Debug;
		};
		C3B718A61F0D39C200631DFD /* Release */ = {
			isa = XCBuildConfiguration;
			buildSettings = {
				DEVELOPMENT_TEAM = R4Q2Y373C8;
				PRODUCT_NAME = "$(TARGET_NAME)";
			};
			name = Release;
		};
/* End XCBuildConfiguration section */

/* Begin XCConfigurationList section */
		C3B718981F0D39C200631DFD /* Build configuration list for PBXProject "SWin" */ = {
			isa = XCConfigurationList;
			buildConfigurations = (
				C3B718A21F0D39C200631DFD /* Debug */,
				C3B718A31F0D39C200631DFD /* Release */,
			);
			defaultConfigurationIsVisible = 0;
			defaultConfigurationName = Release;
		};
		C3B718A41F0D39C200631DFD /* Build configuration list for PBXNativeTarget "SWin" */ = {
			isa = XCConfigurationList;
			buildConfigurations = (
				C3B718A51F0D39C200631DFD /* Debug */,
				C3B718A61F0D39C200631DFD /* Release */,
			);
			defaultConfigurationIsVisible = 0;
		};
/* End XCConfigurationList section */
	};
	rootObject = C3B718951F0D39C200631DFD /* Project object */;
}
